
Microsoft Visual Studio Solution File, Format Version 12.00
# Visual Studio 2012
Project("{FAE04EC0-301F-11D3-BF4B-00C04F79EFBC}") = "DynaPad", "DynaPad\DynaPad.csproj", "{A62CAEE3-60B2-4D0B-BAB9-896E8148FC40}"
EndProject
Global
	GlobalSection(SolutionConfigurationPlatforms) = preSolution
		Debug|iPhoneSimulator = Debug|iPhoneSimulator
		Release|iPhone = Release|iPhone
		Release|iPhoneSimulator = Release|iPhoneSimulator
		Debug|iPhone = Debug|iPhone
		Ad-Hoc|iPhone = Ad-Hoc|iPhone
		AppStore|iPhone = AppStore|iPhone
	EndGlobalSection
	GlobalSection(ProjectConfigurationPlatforms) = postSolution
		{A62CAEE3-60B2-4D0B-BAB9-896E8148FC40}.Debug|iPhoneSimulator.ActiveCfg = Debug|iPhoneSimulator
		{A62CAEE3-60B2-4D0B-BAB9-896E8148FC40}.Debug|iPhoneSimulator.Build.0 = Debug|iPhoneSimulator
		{A62CAEE3-60B2-4D0B-BAB9-896E8148FC40}.Release|iPhone.ActiveCfg = Release|iPhone
		{A62CAEE3-60B2-4D0B-BAB9-896E8148FC40}.Release|iPhone.Build.0 = Release|iPhone
		{A62CAEE3-60B2-4D0B-BAB9-896E8148FC40}.Release|iPhoneSimulator.ActiveCfg = Release|iPhoneSimulator
		{A62CAEE3-60B2-4D0B-BAB9-896E8148FC40}.Release|iPhoneSimulator.Build.0 = Release|iPhoneSimulator
		{A62CAEE3-60B2-4D0B-BAB9-896E8148FC40}.Debug|iPhone.ActiveCfg = Debug|iPhone
		{A62CAEE3-60B2-4D0B-BAB9-896E8148FC40}.Debug|iPhone.Build.0 = Debug|iPhone
		{A62CAEE3-60B2-4D0B-BAB9-896E8148FC40}.Ad-Hoc|iPhone.ActiveCfg = Release|iPhone
		{A62CAEE3-60B2-4D0B-BAB9-896E8148FC40}.Ad-Hoc|iPhone.Build.0 = Release|iPhone
		{A62CAEE3-60B2-4D0B-BAB9-896E8148FC40}.AppStore|iPhone.ActiveCfg = Release|iPhone
		{A62CAEE3-60B2-4D0B-BAB9-896E8148FC40}.AppStore|iPhone.Build.0 = Release|iPhone
	EndGlobalSection
EndGlobal
